// !$*UTF8*$!
{
	archiveVersion = 1;
	classes = {
	};
	objectVersion = 51;
	objects = {

/* Begin PBXBuildFile section */
		400BFCF9F5AEC4BECF4B6AAB /* Pods_SpiderGroupTestTask.framework in Frameworks */ = {isa = PBXBuildFile; fileRef = E2906507A5C261D7CFDF9082 /* Pods_SpiderGroupTestTask.framework */; };
		9C84C9C026A9D3BF0037D816 /* AppDelegate.swift in Sources */ = {isa = PBXBuildFile; fileRef = 9C84C9BF26A9D3BF0037D816 /* AppDelegate.swift */; };
		9C84C9C226A9D3BF0037D816 /* SceneDelegate.swift in Sources */ = {isa = PBXBuildFile; fileRef = 9C84C9C126A9D3BF0037D816 /* SceneDelegate.swift */; };
		9C84C9C426A9D3BF0037D816 /* ImgurImagesViewController.swift in Sources */ = {isa = PBXBuildFile; fileRef = 9C84C9C326A9D3BF0037D816 /* ImgurImagesViewController.swift */; };
		9C84C9C726A9D3BF0037D816 /* Main.storyboard in Resources */ = {isa = PBXBuildFile; fileRef = 9C84C9C526A9D3BF0037D816 /* Main.storyboard */; };
		9C84C9C926A9D3C20037D816 /* Assets.xcassets in Resources */ = {isa = PBXBuildFile; fileRef = 9C84C9C826A9D3C20037D816 /* Assets.xcassets */; };
		9C84C9CC26A9D3C20037D816 /* LaunchScreen.storyboard in Resources */ = {isa = PBXBuildFile; fileRef = 9C84C9CA26A9D3C20037D816 /* LaunchScreen.storyboard */; };
		9C84C9D726A9E1F80037D816 /* ImgurImageViewCell.swift in Sources */ = {isa = PBXBuildFile; fileRef = 9C84C9D626A9E1F80037D816 /* ImgurImageViewCell.swift */; };
		9C84C9D926A9F8ED0037D816 /* ImgurImageViewController.swift in Sources */ = {isa = PBXBuildFile; fileRef = 9C84C9D826A9F8ED0037D816 /* ImgurImageViewController.swift */; };
		9C84C9DB26AA94390037D816 /* RequestManager.swift in Sources */ = {isa = PBXBuildFile; fileRef = 9C84C9DA26AA94390037D816 /* RequestManager.swift */; };
		9C84C9DD26AAC7580037D816 /* URLManager.swift in Sources */ = {isa = PBXBuildFile; fileRef = 9C84C9DC26AAC7580037D816 /* URLManager.swift */; };
		9C84C9DF26AAC7FD0037D816 /* Constans.swift in Sources */ = {isa = PBXBuildFile; fileRef = 9C84C9DE26AAC7FD0037D816 /* Constans.swift */; };
		9C84C9E226AACFC10037D816 /* GalleryAlbumImagesModel.swift in Sources */ = {isa = PBXBuildFile; fileRef = 9C84C9E126AACFC10037D816 /* GalleryAlbumImagesModel.swift */; };
		9C84C9E726AC92380037D816 /* RequestImageManager.swift in Sources */ = {isa = PBXBuildFile; fileRef = 9C84C9E626AC92380037D816 /* RequestImageManager.swift */; };
		9CCDE0B226ACA4DA00081D20 /* RequestCommentsManager.swift in Sources */ = {isa = PBXBuildFile; fileRef = 9CCDE0B126ACA4DA00081D20 /* RequestCommentsManager.swift */; };
		9CCDE0B426ADB0E900081D20 /* ContentManager.swift in Sources */ = {isa = PBXBuildFile; fileRef = 9CCDE0B326ADB0E900081D20 /* ContentManager.swift */; };
		9CCDE0B626ADC9AF00081D20 /* CommentViewCell.swift in Sources */ = {isa = PBXBuildFile; fileRef = 9CCDE0B526ADC9AF00081D20 /* CommentViewCell.swift */; };
/* End PBXBuildFile section */

/* Begin PBXFileReference section */
		11723511575B0AFFDD2E54AE /* Pods-SpiderGroupTestTask.release.xcconfig */ = {isa = PBXFileReference; includeInIndex = 1; lastKnownFileType = text.xcconfig; name = "Pods-SpiderGroupTestTask.release.xcconfig"; path = "Target Support Files/Pods-SpiderGroupTestTask/Pods-SpiderGroupTestTask.release.xcconfig"; sourceTree = "<group>"; };
		975CDB5FD1991580A7BF8D26 /* Pods-SpiderGroupTestTask.debug.xcconfig */ = {isa = PBXFileReference; includeInIndex = 1; lastKnownFileType = text.xcconfig; name = "Pods-SpiderGroupTestTask.debug.xcconfig"; path = "Target Support Files/Pods-SpiderGroupTestTask/Pods-SpiderGroupTestTask.debug.xcconfig"; sourceTree = "<group>"; };
		9C84C9BC26A9D3BF0037D816 /* SpiderGroupTestTask.app */ = {isa = PBXFileReference; explicitFileType = wrapper.application; includeInIndex = 0; path = SpiderGroupTestTask.app; sourceTree = BUILT_PRODUCTS_DIR; };
		9C84C9BF26A9D3BF0037D816 /* AppDelegate.swift */ = {isa = PBXFileReference; lastKnownFileType = sourcecode.swift; path = AppDelegate.swift; sourceTree = "<group>"; };
		9C84C9C126A9D3BF0037D816 /* SceneDelegate.swift */ = {isa = PBXFileReference; lastKnownFileType = sourcecode.swift; path = SceneDelegate.swift; sourceTree = "<group>"; };
		9C84C9C326A9D3BF0037D816 /* ImgurImagesViewController.swift */ = {isa = PBXFileReference; lastKnownFileType = sourcecode.swift; path = ImgurImagesViewController.swift; sourceTree = "<group>"; };
		9C84C9C626A9D3BF0037D816 /* Base */ = {isa = PBXFileReference; lastKnownFileType = file.storyboard; name = Base; path = Base.lproj/Main.storyboard; sourceTree = "<group>"; };
		9C84C9C826A9D3C20037D816 /* Assets.xcassets */ = {isa = PBXFileReference; lastKnownFileType = folder.assetcatalog; path = Assets.xcassets; sourceTree = "<group>"; };
		9C84C9CB26A9D3C20037D816 /* Base */ = {isa = PBXFileReference; lastKnownFileType = file.storyboard; name = Base; path = Base.lproj/LaunchScreen.storyboard; sourceTree = "<group>"; };
		9C84C9CD26A9D3C20037D816 /* Info.plist */ = {isa = PBXFileReference; lastKnownFileType = text.plist.xml; path = Info.plist; sourceTree = "<group>"; };
		9C84C9D626A9E1F80037D816 /* ImgurImageViewCell.swift */ = {isa = PBXFileReference; lastKnownFileType = sourcecode.swift; path = ImgurImageViewCell.swift; sourceTree = "<group>"; };
		9C84C9D826A9F8ED0037D816 /* ImgurImageViewController.swift */ = {isa = PBXFileReference; lastKnownFileType = sourcecode.swift; path = ImgurImageViewController.swift; sourceTree = "<group>"; };
		9C84C9DA26AA94390037D816 /* RequestManager.swift */ = {isa = PBXFileReference; lastKnownFileType = sourcecode.swift; path = RequestManager.swift; sourceTree = "<group>"; };
		9C84C9DC26AAC7580037D816 /* URLManager.swift */ = {isa = PBXFileReference; lastKnownFileType = sourcecode.swift; path = URLManager.swift; sourceTree = "<group>"; };
		9C84C9DE26AAC7FD0037D816 /* Constans.swift */ = {isa = PBXFileReference; lastKnownFileType = sourcecode.swift; path = Constans.swift; sourceTree = "<group>"; };
		9C84C9E126AACFC10037D816 /* GalleryAlbumImagesModel.swift */ = {isa = PBXFileReference; lastKnownFileType = sourcecode.swift; path = GalleryAlbumImagesModel.swift; sourceTree = "<group>"; };
		9C84C9E626AC92380037D816 /* RequestImageManager.swift */ = {isa = PBXFileReference; lastKnownFileType = sourcecode.swift; path = RequestImageManager.swift; sourceTree = "<group>"; };
		9CCDE0B126ACA4DA00081D20 /* RequestCommentsManager.swift */ = {isa = PBXFileReference; lastKnownFileType = sourcecode.swift; path = RequestCommentsManager.swift; sourceTree = "<group>"; };
		9CCDE0B326ADB0E900081D20 /* ContentManager.swift */ = {isa = PBXFileReference; lastKnownFileType = sourcecode.swift; path = ContentManager.swift; sourceTree = "<group>"; };
		9CCDE0B526ADC9AF00081D20 /* CommentViewCell.swift */ = {isa = PBXFileReference; lastKnownFileType = sourcecode.swift; path = CommentViewCell.swift; sourceTree = "<group>"; };
		E2906507A5C261D7CFDF9082 /* Pods_SpiderGroupTestTask.framework */ = {isa = PBXFileReference; explicitFileType = wrapper.framework; includeInIndex = 0; path = Pods_SpiderGroupTestTask.framework; sourceTree = BUILT_PRODUCTS_DIR; };
/* End PBXFileReference section */

/* Begin PBXFrameworksBuildPhase section */
		9C84C9B926A9D3BF0037D816 /* Frameworks */ = {
			isa = PBXFrameworksBuildPhase;
			buildActionMask = 2147483647;
			files = (
				400BFCF9F5AEC4BECF4B6AAB /* Pods_SpiderGroupTestTask.framework in Frameworks */,
			);
			runOnlyForDeploymentPostprocessing = 0;
		};
/* End PBXFrameworksBuildPhase section */

/* Begin PBXGroup section */
		8327B92713F2D744DF7A9805 /* Frameworks */ = {
			isa = PBXGroup;
			children = (
				E2906507A5C261D7CFDF9082 /* Pods_SpiderGroupTestTask.framework */,
			);
			name = Frameworks;
			sourceTree = "<group>";
		};
		8C09BBEB70EC988BFF5743C8 /* Pods */ = {
			isa = PBXGroup;
			children = (
				975CDB5FD1991580A7BF8D26 /* Pods-SpiderGroupTestTask.debug.xcconfig */,
				11723511575B0AFFDD2E54AE /* Pods-SpiderGroupTestTask.release.xcconfig */,
			);
			path = Pods;
			sourceTree = "<group>";
		};
		9C84C9B326A9D3BF0037D816 = {
			isa = PBXGroup;
			children = (
				9C84C9BE26A9D3BF0037D816 /* SpiderGroupTestTask */,
				9C84C9BD26A9D3BF0037D816 /* Products */,
				8C09BBEB70EC988BFF5743C8 /* Pods */,
				8327B92713F2D744DF7A9805 /* Frameworks */,
			);
			sourceTree = "<group>";
		};
		9C84C9BD26A9D3BF0037D816 /* Products */ = {
			isa = PBXGroup;
			children = (
				9C84C9BC26A9D3BF0037D816 /* SpiderGroupTestTask.app */,
			);
			name = Products;
			sourceTree = "<group>";
		};
		9C84C9BE26A9D3BF0037D816 /* SpiderGroupTestTask */ = {
			isa = PBXGroup;
			children = (
				9C84C9D326A9E1BE0037D816 /* Model */,
				9C84C9D426A9E1C40037D816 /* View */,
				9C84C9D526A9E1C90037D816 /* Controller */,
				9C84C9BF26A9D3BF0037D816 /* AppDelegate.swift */,
				9C84C9C126A9D3BF0037D816 /* SceneDelegate.swift */,
				9C84C9C526A9D3BF0037D816 /* Main.storyboard */,
				9C84C9C826A9D3C20037D816 /* Assets.xcassets */,
				9C84C9CA26A9D3C20037D816 /* LaunchScreen.storyboard */,
				9C84C9CD26A9D3C20037D816 /* Info.plist */,
			);
			path = SpiderGroupTestTask;
			sourceTree = "<group>";
		};
		9C84C9D326A9E1BE0037D816 /* Model */ = {
			isa = PBXGroup;
			children = (
				9C84C9E526AC92170037D816 /* Requests */,
				9C84C9E026AACF5C0037D816 /* Data model */,
				9C84C9DC26AAC7580037D816 /* URLManager.swift */,
				9C84C9DE26AAC7FD0037D816 /* Constans.swift */,
				9CCDE0B326ADB0E900081D20 /* ContentManager.swift */,
			);
			path = Model;
			sourceTree = "<group>";
		};
		9C84C9D426A9E1C40037D816 /* View */ = {
			isa = PBXGroup;
			children = (
				9C84C9D626A9E1F80037D816 /* ImgurImageViewCell.swift */,
				9CCDE0B526ADC9AF00081D20 /* CommentViewCell.swift */,
			);
			path = View;
			sourceTree = "<group>";
		};
		9C84C9D526A9E1C90037D816 /* Controller */ = {
			isa = PBXGroup;
			children = (
				9C84C9C326A9D3BF0037D816 /* ImgurImagesViewController.swift */,
				9C84C9D826A9F8ED0037D816 /* ImgurImageViewController.swift */,
			);
			path = Controller;
			sourceTree = "<group>";
		};
		9C84C9E026AACF5C0037D816 /* Data model */ = {
			isa = PBXGroup;
			children = (
				9C84C9E126AACFC10037D816 /* GalleryAlbumImagesModel.swift */,
			);
			path = "Data model";
			sourceTree = "<group>";
		};
		9C84C9E526AC92170037D816 /* Requests */ = {
			isa = PBXGroup;
			children = (
				9C84C9DA26AA94390037D816 /* RequestManager.swift */,
				9C84C9E626AC92380037D816 /* RequestImageManager.swift */,
				9CCDE0B126ACA4DA00081D20 /* RequestCommentsManager.swift */,
			);
			path = Requests;
			sourceTree = "<group>";
		};
/* End PBXGroup section */

/* Begin PBXNativeTarget section */
		9C84C9BB26A9D3BF0037D816 /* SpiderGroupTestTask */ = {
			isa = PBXNativeTarget;
			buildConfigurationList = 9C84C9D026A9D3C20037D816 /* Build configuration list for PBXNativeTarget "SpiderGroupTestTask" */;
			buildPhases = (
				08830E0C3860C3AA0A6AF76F /* [CP] Check Pods Manifest.lock */,
				9C84C9B826A9D3BF0037D816 /* Sources */,
				9C84C9B926A9D3BF0037D816 /* Frameworks */,
				9C84C9BA26A9D3BF0037D816 /* Resources */,
				26C875C2E56F9E438EFA5F3E /* [CP] Embed Pods Frameworks */,
			);
			buildRules = (
			);
			dependencies = (
			);
			name = SpiderGroupTestTask;
			productName = SpiderGroupTestTask;
			productReference = 9C84C9BC26A9D3BF0037D816 /* SpiderGroupTestTask.app */;
			productType = "com.apple.product-type.application";
		};
/* End PBXNativeTarget section */

/* Begin PBXProject section */
		9C84C9B426A9D3BF0037D816 /* Project object */ = {
			isa = PBXProject;
			attributes = {
				LastSwiftUpdateCheck = 1250;
				LastUpgradeCheck = 1250;
				TargetAttributes = {
					9C84C9BB26A9D3BF0037D816 = {
						CreatedOnToolsVersion = 12.5.1;
					};
				};
			};
			buildConfigurationList = 9C84C9B726A9D3BF0037D816 /* Build configuration list for PBXProject "SpiderGroupTestTask" */;
			compatibilityVersion = "Xcode 9.3";
			developmentRegion = en;
			hasScannedForEncodings = 0;
			knownRegions = (
				en,
				Base,
			);
			mainGroup = 9C84C9B326A9D3BF0037D816;
			productRefGroup = 9C84C9BD26A9D3BF0037D816 /* Products */;
			projectDirPath = "";
			projectRoot = "";
			targets = (
				9C84C9BB26A9D3BF0037D816 /* SpiderGroupTestTask */,
			);
		};
/* End PBXProject section */

/* Begin PBXResourcesBuildPhase section */
		9C84C9BA26A9D3BF0037D816 /* Resources */ = {
			isa = PBXResourcesBuildPhase;
			buildActionMask = 2147483647;
			files = (
				9C84C9CC26A9D3C20037D816 /* LaunchScreen.storyboard in Resources */,
				9C84C9C926A9D3C20037D816 /* Assets.xcassets in Resources */,
				9C84C9C726A9D3BF0037D816 /* Main.storyboard in Resources */,
			);
			runOnlyForDeploymentPostprocessing = 0;
		};
/* End PBXResourcesBuildPhase section */

/* Begin PBXShellScriptBuildPhase section */
		08830E0C3860C3AA0A6AF76F /* [CP] Check Pods Manifest.lock */ = {
			isa = PBXShellScriptBuildPhase;
			buildActionMask = 2147483647;
			files = (
			);
			inputFileListPaths = (
			);
			inputPaths = (
				"${PODS_PODFILE_DIR_PATH}/Podfile.lock",
				"${PODS_ROOT}/Manifest.lock",
			);
			name = "[CP] Check Pods Manifest.lock";
			outputFileListPaths = (
			);
			outputPaths = (
				"$(DERIVED_FILE_DIR)/Pods-SpiderGroupTestTask-checkManifestLockResult.txt",
			);
			runOnlyForDeploymentPostprocessing = 0;
			shellPath = /bin/sh;
			shellScript = "diff \"${PODS_PODFILE_DIR_PATH}/Podfile.lock\" \"${PODS_ROOT}/Manifest.lock\" > /dev/null\nif [ $? != 0 ] ; then\n    # print error to STDERR\n    echo \"error: The sandbox is not in sync with the Podfile.lock. Run 'pod install' or update your CocoaPods installation.\" >&2\n    exit 1\nfi\n# This output is used by Xcode 'outputs' to avoid re-running this script phase.\necho \"SUCCESS\" > \"${SCRIPT_OUTPUT_FILE_0}\"\n";
			showEnvVarsInLog = 0;
		};
		26C875C2E56F9E438EFA5F3E /* [CP] Embed Pods Frameworks */ = {
			isa = PBXShellScriptBuildPhase;
			buildActionMask = 2147483647;
			files = (
			);
			inputFileListPaths = (
				"${PODS_ROOT}/Target Support Files/Pods-SpiderGroupTestTask/Pods-SpiderGroupTestTask-frameworks-${CONFIGURATION}-input-files.xcfilelist",
			);
			name = "[CP] Embed Pods Frameworks";
			outputFileListPaths = (
				"${PODS_ROOT}/Target Support Files/Pods-SpiderGroupTestTask/Pods-SpiderGroupTestTask-frameworks-${CONFIGURATION}-output-files.xcfilelist",
			);
			runOnlyForDeploymentPostprocessing = 0;
			shellPath = /bin/sh;
			shellScript = "\"${PODS_ROOT}/Target Support Files/Pods-SpiderGroupTestTask/Pods-SpiderGroupTestTask-frameworks.sh\"\n";
			showEnvVarsInLog = 0;
		};
/* End PBXShellScriptBuildPhase section */

/* Begin PBXSourcesBuildPhase section */
		9C84C9B826A9D3BF0037D816 /* Sources */ = {
			isa = PBXSourcesBuildPhase;
			buildActionMask = 2147483647;
			files = (
				9C84C9C426A9D3BF0037D816 /* ImgurImagesViewController.swift in Sources */,
				9CCDE0B426ADB0E900081D20 /* ContentManager.swift in Sources */,
				9CCDE0B626ADC9AF00081D20 /* CommentViewCell.swift in Sources */,
				9C84C9D726A9E1F80037D816 /* ImgurImageViewCell.swift in Sources */,
				9C84C9DF26AAC7FD0037D816 /* Constans.swift in Sources */,
				9C84C9E726AC92380037D816 /* RequestImageManager.swift in Sources */,
				9C84C9E226AACFC10037D816 /* GalleryAlbumImagesModel.swift in Sources */,
				9C84C9C026A9D3BF0037D816 /* AppDelegate.swift in Sources */,
				9C84C9DB26AA94390037D816 /* RequestManager.swift in Sources */,
				9CCDE0B226ACA4DA00081D20 /* RequestCommentsManager.swift in Sources */,
				9C84C9D926A9F8ED0037D816 /* ImgurImageViewController.swift in Sources */,
				9C84C9C226A9D3BF0037D816 /* SceneDelegate.swift in Sources */,
				9C84C9DD26AAC7580037D816 /* URLManager.swift in Sources */,
			);
			runOnlyForDeploymentPostprocessing = 0;
		};
/* End PBXSourcesBuildPhase section */

/* Begin PBXVariantGroup section */
		9C84C9C526A9D3BF0037D816 /* Main.storyboard */ = {
			isa = PBXVariantGroup;
			children = (
				9C84C9C626A9D3BF0037D816 /* Base */,
			);
			name = Main.storyboard;
			sourceTree = "<group>";
		};
		9C84C9CA26A9D3C20037D816 /* LaunchScreen.storyboard */ = {
			isa = PBXVariantGroup;
			children = (
				9C84C9CB26A9D3C20037D816 /* Base */,
			);
			name = LaunchScreen.storyboard;
			sourceTree = "<group>";
		};
/* End PBXVariantGroup section */

/* Begin XCBuildConfiguration section */
		9C84C9CE26A9D3C20037D816 /* Debug */ = {
			isa = XCBuildConfiguration;
			buildSettings = {
				ALWAYS_SEARCH_USER_PATHS = NO;
				CLANG_ANALYZER_NONNULL = YES;
				CLANG_ANALYZER_NUMBER_OBJECT_CONVERSION = YES_AGGRESSIVE;
				CLANG_CXX_LANGUAGE_STANDARD = "gnu++14";
				CLANG_CXX_LIBRARY = "libc++";
				CLANG_ENABLE_MODULES = YES;
				CLANG_ENABLE_OBJC_ARC = YES;
				CLANG_ENABLE_OBJC_WEAK = YES;
				CLANG_WARN_BLOCK_CAPTURE_AUTORELEASING = YES;
				CLANG_WARN_BOOL_CONVERSION = YES;
				CLANG_WARN_COMMA = YES;
				CLANG_WARN_CONSTANT_CONVERSION = YES;
				CLANG_WARN_DEPRECATED_OBJC_IMPLEMENTATIONS = YES;
				CLANG_WARN_DIRECT_OBJC_ISA_USAGE = YES_ERROR;
				CLANG_WARN_DOCUMENTATION_COMMENTS = YES;
				CLANG_WARN_EMPTY_BODY = YES;
				CLANG_WARN_ENUM_CONVERSION = YES;
				CLANG_WARN_INFINITE_RECURSION = YES;
				CLANG_WARN_INT_CONVERSION = YES;
				CLANG_WARN_NON_LITERAL_NULL_CONVERSION = YES;
				CLANG_WARN_OBJC_IMPLICIT_RETAIN_SELF = YES;
				CLANG_WARN_OBJC_LITERAL_CONVERSION = YES;
				CLANG_WARN_OBJC_ROOT_CLASS = YES_ERROR;
				CLANG_WARN_QUOTED_INCLUDE_IN_FRAMEWORK_HEADER = YES;
				CLANG_WARN_RANGE_LOOP_ANALYSIS = YES;
				CLANG_WARN_STRICT_PROTOTYPES = YES;
				CLANG_WARN_SUSPICIOUS_MOVE = YES;
				CLANG_WARN_UNGUARDED_AVAILABILITY = YES_AGGRESSIVE;
				CLANG_WARN_UNREACHABLE_CODE = YES;
				CLANG_WARN__DUPLICATE_METHOD_MATCH = YES;
				COPY_PHASE_STRIP = NO;
				DEBUG_INFORMATION_FORMAT = dwarf;
				ENABLE_STRICT_OBJC_MSGSEND = YES;
				ENABLE_TESTABILITY = YES;
				GCC_C_LANGUAGE_STANDARD = gnu11;
				GCC_DYNAMIC_NO_PIC = NO;
				GCC_NO_COMMON_BLOCKS = YES;
				GCC_OPTIMIZATION_LEVEL = 0;
				GCC_PREPROCESSOR_DEFINITIONS = (
					"DEBUG=1",
					"$(inherited)",
				);
				GCC_WARN_64_TO_32_BIT_CONVERSION = YES;
				GCC_WARN_ABOUT_RETURN_TYPE = YES_ERROR;
				GCC_WARN_UNDECLARED_SELECTOR = YES;
				GCC_WARN_UNINITIALIZED_AUTOS = YES_AGGRESSIVE;
				GCC_WARN_UNUSED_FUNCTION = YES;
				GCC_WARN_UNUSED_VARIABLE = YES;
				IPHONEOS_DEPLOYMENT_TARGET = 14.5;
				MTL_ENABLE_DEBUG_INFO = INCLUDE_SOURCE;
				MTL_FAST_MATH = YES;
				ONLY_ACTIVE_ARCH = YES;
				SDKROOT = iphoneos;
				SWIFT_ACTIVE_COMPILATION_CONDITIONS = DEBUG;
				SWIFT_OPTIMIZATION_LEVEL = "-Onone";
			};
			name = Debug;
		};
		9C84C9CF26A9D3C20037D816 /* Release */ = {
			isa = XCBuildConfiguration;
			buildSettings = {
				ALWAYS_SEARCH_USER_PATHS = NO;
				CLANG_ANALYZER_NONNULL = YES;
				CLANG_ANALYZER_NUMBER_OBJECT_CONVERSION = YES_AGGRESSIVE;
				CLANG_CXX_LANGUAGE_STANDARD = "gnu++14";
				CLANG_CXX_LIBRARY = "libc++";
				CLANG_ENABLE_MODULES = YES;
				CLANG_ENABLE_OBJC_ARC = YES;
				CLANG_ENABLE_OBJC_WEAK = YES;
				CLANG_WARN_BLOCK_CAPTURE_AUTORELEASING = YES;
				CLANG_WARN_BOOL_CONVERSION = YES;
				CLANG_WARN_COMMA = YES;
				CLANG_WARN_CONSTANT_CONVERSION = YES;
				CLANG_WARN_DEPRECATED_OBJC_IMPLEMENTATIONS = YES;
				CLANG_WARN_DIRECT_OBJC_ISA_USAGE = YES_ERROR;
				CLANG_WARN_DOCUMENTATION_COMMENTS = YES;
				CLANG_WARN_EMPTY_BODY = YES;
				CLANG_WARN_ENUM_CONVERSION = YES;
				CLANG_WARN_INFINITE_RECURSION = YES;
				CLANG_WARN_INT_CONVERSION = YES;
				CLANG_WARN_NON_LITERAL_NULL_CONVERSION = YES;
				CLANG_WARN_OBJC_IMPLICIT_RETAIN_SELF = YES;
				CLANG_WARN_OBJC_LITERAL_CONVERSION = YES;
				CLANG_WARN_OBJC_ROOT_CLASS = YES_ERROR;
				CLANG_WARN_QUOTED_INCLUDE_IN_FRAMEWORK_HEADER = YES;
				CLANG_WARN_RANGE_LOOP_ANALYSIS = YES;
				CLANG_WARN_STRICT_PROTOTYPES = YES;
				CLANG_WARN_SUSPICIOUS_MOVE = YES;
				CLANG_WARN_UNGUARDED_AVAILABILITY = YES_AGGRESSIVE;
				CLANG_WARN_UNREACHABLE_CODE = YES;
				CLANG_WARN__DUPLICATE_METHOD_MATCH = YES;
				COPY_PHASE_STRIP = NO;
				DEBUG_INFORMATION_FORMAT = "dwarf-with-dsym";
				ENABLE_NS_ASSERTIONS = NO;
				ENABLE_STRICT_OBJC_MSGSEND = YES;
				GCC_C_LANGUAGE_STANDARD = gnu11;
				GCC_NO_COMMON_BLOCKS = YES;
				GCC_WARN_64_TO_32_BIT_CONVERSION = YES;
				GCC_WARN_ABOUT_RETURN_TYPE = YES_ERROR;
				GCC_WARN_UNDECLARED_SELECTOR = YES;
				GCC_WARN_UNINITIALIZED_AUTOS = YES_AGGRESSIVE;
				GCC_WARN_UNUSED_FUNCTION = YES;
				GCC_WARN_UNUSED_VARIABLE = YES;
				IPHONEOS_DEPLOYMENT_TARGET = 14.5;
				MTL_ENABLE_DEBUG_INFO = NO;
				MTL_FAST_MATH = YES;
				SDKROOT = iphoneos;
				SWIFT_COMPILATION_MODE = wholemodule;
				SWIFT_OPTIMIZATION_LEVEL = "-O";
				VALIDATE_PRODUCT = YES;
			};
			name = Release;
		};
		9C84C9D126A9D3C20037D816 /* Debug */ = {
			isa = XCBuildConfiguration;
			baseConfigurationReference = 975CDB5FD1991580A7BF8D26 /* Pods-SpiderGroupTestTask.debug.xcconfig */;
			buildSettings = {
				ASSETCATALOG_COMPILER_APPICON_NAME = AppIcon;
				ASSETCATALOG_COMPILER_GLOBAL_ACCENT_COLOR_NAME = AccentColor;
				CODE_SIGN_STYLE = Automatic;
				DEVELOPMENT_TEAM = 4638CW8H99;
				INFOPLIST_FILE = SpiderGroupTestTask/Info.plist;
				LD_RUNPATH_SEARCH_PATHS = (
					"$(inherited)",
					"@executable_path/Frameworks",
				);
				PRODUCT_BUNDLE_IDENTIFIER = com.MarinaA.SpiderGroupTestTask;
				PRODUCT_NAME = "$(TARGET_NAME)";
				SWIFT_VERSION = 5.0;
				TARGETED_DEVICE_FAMILY = "1,2";
			};
			name = Debug;
		};
		9C84C9D226A9D3C20037D816 /* Release */ = {
			isa = XCBuildConfiguration;
			baseConfigurationReference = 11723511575B0AFFDD2E54AE /* Pods-SpiderGroupTestTask.release.xcconfig */;
			buildSettings = {
				ASSETCATALOG_COMPILER_APPICON_NAME = AppIcon;
				ASSETCATALOG_COMPILER_GLOBAL_ACCENT_COLOR_NAME = AccentColor;
				CODE_SIGN_STYLE = Automatic;
				DEVELOPMENT_TEAM = 4638CW8H99;
				INFOPLIST_FILE = SpiderGroupTestTask/Info.plist;
				LD_RUNPATH_SEARCH_PATHS = (
					"$(inherited)",
					"@executable_path/Frameworks",
				);
				PRODUCT_BUNDLE_IDENTIFIER = com.MarinaA.SpiderGroupTestTask;
				PRODUCT_NAME = "$(TARGET_NAME)";
				SWIFT_VERSION = 5.0;
				TARGETED_DEVICE_FAMILY = "1,2";
			};
			name = Release;
		};
/* End XCBuildConfiguration section */

/* Begin XCConfigurationList section */
		9C84C9B726A9D3BF0037D816 /* Build configuration list for PBXProject "SpiderGroupTestTask" */ = {
			isa = XCConfigurationList;
			buildConfigurations = (
				9C84C9CE26A9D3C20037D816 /* Debug */,
				9C84C9CF26A9D3C20037D816 /* Release */,
			);
			defaultConfigurationIsVisible = 0;
			defaultConfigurationName = Release;
		};
		9C84C9D026A9D3C20037D816 /* Build configuration list for PBXNativeTarget "SpiderGroupTestTask" */ = {
			isa = XCConfigurationList;
			buildConfigurations = (
				9C84C9D126A9D3C20037D816 /* Debug */,
				9C84C9D226A9D3C20037D816 /* Release */,
			);
			defaultConfigurationIsVisible = 0;
			defaultConfigurationName = Release;
		};
/* End XCConfigurationList section */
	};
	rootObject = 9C84C9B426A9D3BF0037D816 /* Project object */;
}
